
Microsoft Visual Studio Solution File, Format Version 12.00
# Visual Studio Version 17
VisualStudioVersion = 17.3.32901.215
MinimumVisualStudioVersion = 10.0.40219.1
Project("{FAE04EC0-301F-11D3-BF4B-00C04F79EFBC}") = "TEST", "TEST\TEST.csproj", "{4CF0C358-2622-4339-A7C9-EBC6BBBDF253}"
EndProject
Global
	GlobalSection(SolutionConfigurationPlatforms) = preSolution
		Debug|Any CPU = Debug|Any CPU
		Release|Any CPU = Release|Any CPU
	EndGlobalSection
	GlobalSection(ProjectConfigurationPlatforms) = postSolution
		{4CF0C358-2622-4339-A7C9-EBC6BBBDF253}.Debug|Any CPU.ActiveCfg = Debug|Any CPU
		{4CF0C358-2622-4339-A7C9-EBC6BBBDF253}.Debug|Any CPU.Build.0 = Debug|Any CPU
		{4CF0C358-2622-4339-A7C9-EBC6BBBDF253}.Release|Any CPU.ActiveCfg = Release|Any CPU
		{4CF0C358-2622-4339-A7C9-EBC6BBBDF253}.Release|Any CPU.Build.0 = Release|Any CPU
	EndGlobalSection
	GlobalSection(SolutionProperties) = preSolution
		HideSolutionNode = FALSE
	EndGlobalSection
	GlobalSection(ExtensibilityGlobals) = postSolution
		SolutionGuid = {199C737A-105B-4438-84A6-E3709115D2DD}
	EndGlobalSection
EndGlobal
